<?xml version="1.0" encoding="utf-8"?>
<Project ToolsVersion="4.0" xmlns="http://schemas.microsoft.com/developer/msbuild/2003">
  <ItemGroup>
    <Filter Include="源文件">
      <UniqueIdentifier>{4FC737F1-C7A5-4376-A066-2A32D752A2FF}</UniqueIdentifier>
      <Extensions>cpp;c;cc;cxx;c++;cppm;ixx;def;odl;idl;hpj;bat;asm;asmx</Extensions>
    </Filter>
    <Filter Include="头文件">
      <UniqueIdentifier>{93995380-89BD-4b04-88EB-625FBE52EBFB}</UniqueIdentifier>
      <Extensions>h;hh;hpp;hxx;h++;hm;inl;inc;ipp;xsd</Extensions>
    </Filter>
    <Filter Include="资源文件">
      <UniqueIdentifier>{67DA6AB6-F800-4c08-8B7A-83BB121AAD01}</UniqueIdentifier>
      <Extensions>rc;ico;cur;bmp;dlg;rc2;rct;bin;rgs;gif;jpg;jpeg;jpe;resx;tiff;tif;png;wav;mfcribbon-ms</Extensions>
    </Filter>
  </ItemGroup>
  <ItemGroup>
    <ClCompile Include="main.c">
      <Filter>源文件</Filter>
    </ClCompile>
    <ClCompile Include="Objects\object.c">
      <Filter>源文件</Filter>
    </ClCompile>
    <ClCompile Include="Objects\intobject.c">
      <Filter>源文件</Filter>
    </ClCompile>
    <ClCompile Include="Objects\stringobject.c">
      <Filter>源文件</Filter>
    </ClCompile>
    <ClCompile Include="Objects\listobject.c">
      <Filter>源文件</Filter>
    </ClCompile>
    <ClCompile Include="Objects\dictobject.c">
      <Filter>源文件</Filter>
    </ClCompile>
    <ClCompile Include="Compiler\preprocessor.c">
      <Filter>源文件</Filter>
    </ClCompile>
    <ClCompile Include="Compiler\lexer.c">
      <Filter>源文件</Filter>
    </ClCompile>
    <ClCompile Include="Compiler\parser.c">
      <Filter>源文件</Filter>
    </ClCompile>
    <ClCompile Include="Objects\astobject.c">
      <Filter>源文件</Filter>
    </ClCompile>
    <ClCompile Include="Objects\bytecodeobject.c">
      <Filter>源文件</Filter>
    </ClCompile>
    <ClCompile Include="Objects\opcodeobject.c">
      <Filter>源文件</Filter>
    </ClCompile>
    <ClCompile Include="Compiler\translater.c">
      <Filter>源文件</Filter>
    </ClCompile>
    <ClCompile Include="Objects\namespaceobject.c">
      <Filter>源文件</Filter>
    </ClCompile>
    <ClCompile Include="Objects\frameobject.c">
      <Filter>源文件</Filter>
    </ClCompile>
    <ClCompile Include="Interpreter\eval.c">
      <Filter>源文件</Filter>
    </ClCompile>
    <ClCompile Include="Objects\functionobject.c">
      <Filter>源文件</Filter>
    </ClCompile>
    <ClCompile Include="Objects\initobjects.c">
      <Filter>源文件</Filter>
    </ClCompile>
    <ClCompile Include="Objects\cfunctionobject.c">
      <Filter>源文件</Filter>
    </ClCompile>
    <ClCompile Include="Objects\doubleobject.c">
      <Filter>源文件</Filter>
    </ClCompile>
    <ClCompile Include="Objects\blockobject.c">
      <Filter>源文件</Filter>
    </ClCompile>
    <ClCompile Include="Objects\classobject.c">
      <Filter>源文件</Filter>
    </ClCompile>
    <ClCompile Include="Objects\exceptionobject.c">
      <Filter>源文件</Filter>
    </ClCompile>
  </ItemGroup>
  <ItemGroup>
    <ClInclude Include="Include\object.h">
      <Filter>头文件</Filter>
    </ClInclude>
    <ClInclude Include="Include\intobject.h">
      <Filter>头文件</Filter>
    </ClInclude>
    <ClInclude Include="Include\stringobject.h">
      <Filter>头文件</Filter>
    </ClInclude>
    <ClInclude Include="Include\listobject.h">
      <Filter>头文件</Filter>
    </ClInclude>
    <ClInclude Include="Include\dictobject.h">
      <Filter>头文件</Filter>
    </ClInclude>
    <ClInclude Include="Include\preprocessor.h">
      <Filter>头文件</Filter>
    </ClInclude>
    <ClInclude Include="Include\lexer.h">
      <Filter>头文件</Filter>
    </ClInclude>
    <ClInclude Include="Include\parser.h">
      <Filter>头文件</Filter>
    </ClInclude>
    <ClInclude Include="Include\astobject.h">
      <Filter>头文件</Filter>
    </ClInclude>
    <ClInclude Include="Include\bytecodeobject.h">
      <Filter>头文件</Filter>
    </ClInclude>
    <ClInclude Include="Include\opcodeobject.h">
      <Filter>头文件</Filter>
    </ClInclude>
    <ClInclude Include="Include\translater.h">
      <Filter>头文件</Filter>
    </ClInclude>
    <ClInclude Include="Include\namespaceobject.h">
      <Filter>头文件</Filter>
    </ClInclude>
    <ClInclude Include="Include\frameobject.h">
      <Filter>头文件</Filter>
    </ClInclude>
    <ClInclude Include="Include\eval.h">
      <Filter>头文件</Filter>
    </ClInclude>
    <ClInclude Include="Include\functionobject.h">
      <Filter>头文件</Filter>
    </ClInclude>
    <ClInclude Include="Include\cfunctionobject.h">
      <Filter>头文件</Filter>
    </ClInclude>
    <ClInclude Include="Include\doubleobject.h">
      <Filter>头文件</Filter>
    </ClInclude>
    <ClInclude Include="Include\blockobject.h">
      <Filter>头文件</Filter>
    </ClInclude>
    <ClInclude Include="Include\classobject.h">
      <Filter>头文件</Filter>
    </ClInclude>
    <ClInclude Include="Include\exceptionobject.h">
      <Filter>头文件</Filter>
    </ClInclude>
  </ItemGroup>
</Project>